
Microsoft Visual Studio Solution File, Format Version 12.00
# Visual Studio Version 17
VisualStudioVersion = 17.8.34525.116
MinimumVisualStudioVersion = 10.0.40219.1
Project("{9A19103F-16F7-4668-BE54-9A1E7A4F7556}") = "lab 1", "lab 1\lab 1.csproj", "{E34279EB-CBE5-441C-AA1C-643FC84F8BCD}"
EndProject
Project("{9A19103F-16F7-4668-BE54-9A1E7A4F7556}") = "lab 2", "lab 2\lab 2.csproj", "{282A2272-7883-47CE-A0C8-26213C5AD671}"
EndProject
Project("{9A19103F-16F7-4668-BE54-9A1E7A4F7556}") = "lab 2.Desktop", "lab 2.Desktop\lab 2.Desktop.csproj", "{95549126-3CE7-41C2-84C4-269398A22967}"
EndProject
Project("{2150E333-8FDC-42A3-9474-1A3956D46DE8}") = "Lab2", "Lab2", "{D85AE54E-90A8-4627-938D-2657163D4ECC}"
EndProject
Project("{2150E333-8FDC-42A3-9474-1A3956D46DE8}") = "Lab3", "Lab3", "{C0C16AD9-7A0A-4F3F-9491-2FDF956BC98B}"
EndProject
Project("{9A19103F-16F7-4668-BE54-9A1E7A4F7556}") = "Calculator", "Calculator\Calculator.csproj", "{9130B1A3-520C-4CF4-86D0-F4D1956581AA}"
EndProject
Project("{9A19103F-16F7-4668-BE54-9A1E7A4F7556}") = "Calculator.Desktop", "Calculator.Desktop\Calculator.Desktop.csproj", "{F7B830EB-439D-4A71-861D-BC5B4796790F}"
EndProject
Project("{2150E333-8FDC-42A3-9474-1A3956D46DE8}") = "Lab4", "Lab4", "{DF3ED66C-BDEF-4736-A871-352339B5743B}"
EndProject
Project("{9A19103F-16F7-4668-BE54-9A1E7A4F7556}") = "Explorer", "Explorer\Explorer.csproj", "{DADABDC8-0F38-46EB-A791-1634FC810700}"
EndProject
Project("{9A19103F-16F7-4668-BE54-9A1E7A4F7556}") = "Explorer.Desktop", "Explorer.Desktop\Explorer.Desktop.csproj", "{97F108D8-81E4-4278-86DA-173D0E6487CB}"
EndProject
Project("{2150E333-8FDC-42A3-9474-1A3956D46DE8}") = "Lab6", "Lab6", "{992E32C6-ADD7-4F4F-9096-06AF2833B61D}"
EndProject
Project("{9A19103F-16F7-4668-BE54-9A1E7A4F7556}") = "Weater Application", "Weater Application\Weater Application.csproj", "{6CB54F5D-137D-4329-A543-B6B10F63FA13}"
EndProject
Project("{9A19103F-16F7-4668-BE54-9A1E7A4F7556}") = "Weater Application.Desktop", "Weater Application.Desktop\Weater Application.Desktop.csproj", "{F43DF831-0AB6-41EB-9FAF-8887E6E22C6D}"
EndProject
Project("{2150E333-8FDC-42A3-9474-1A3956D46DE8}") = "Lab7", "Lab7", "{268B9B4A-C392-4B01-BBE0-74320C04AB4A}"
EndProject
Project("{9A19103F-16F7-4668-BE54-9A1E7A4F7556}") = "UsersTables", "UsersTables\UsersTables.csproj", "{17903CE8-F0AA-4EBE-9AB0-A32136416120}"
EndProject
Project("{9A19103F-16F7-4668-BE54-9A1E7A4F7556}") = "UsersTables.Desktop", "UsersTables.Desktop\UsersTables.Desktop.csproj", "{C54E084F-24A8-4621-BC00-C1D1397A0B72}"
EndProject
Project("{2150E333-8FDC-42A3-9474-1A3956D46DE8}") = "Lab9", "Lab9", "{6084F4D6-4C35-4D75-A4EF-238BA8EA2E32}"
EndProject
Project("{9A19103F-16F7-4668-BE54-9A1E7A4F7556}") = "CustomUserControl", "CustomUserControl\CustomUserControl.csproj", "{B5CB36DD-8476-4BB4-A4B4-A00A97328699}"
EndProject
Project("{2150E333-8FDC-42A3-9474-1A3956D46DE8}") = "Lab10", "Lab10", "{2A00553D-4C0F-4337-9CFD-6F5E45F0DC8C}"
EndProject
Project("{9A19103F-16F7-4668-BE54-9A1E7A4F7556}") = "ColorPicker", "ColorPicker\ColorPicker.csproj", "{D228F69A-9AED-47FB-A060-A8F1B9243E54}"
EndProject
Project("{2150E333-8FDC-42A3-9474-1A3956D46DE8}") = "Lab7 v2", "Lab7 v2", "{FFA642DB-7571-48E6-BEE2-84D1EC3BCF6B}"
EndProject
Project("{9A19103F-16F7-4668-BE54-9A1E7A4F7556}") = "lab7", "lab7 UserTables\lab7.csproj", "{54C662AA-BC66-48B2-9739-E02EBA685810}"
EndProject
Project("{2150E333-8FDC-42A3-9474-1A3956D46DE8}") = "Lab8", "Lab8", "{193D6567-F84F-438B-B166-291D0FA87C8B}"
EndProject
Project("{9A19103F-16F7-4668-BE54-9A1E7A4F7556}") = "MVVMAvalonia", "MVVMTables\MVVMAvalonia.csproj", "{BBA754B5-8549-4E24-BBF9-5F3EDC49C0B9}"
EndProject
Project("{FAE04EC0-301F-11D3-BF4B-00C04F79EFBC}") = "Lab7 v2 Pt2", "Lab7 v2 Pt2\Lab7 v2 Pt2.csproj", "{D89C1569-CC98-4DF9-8686-6929B41C533B}"
EndProject
Project("{2150E333-8FDC-42A3-9474-1A3956D46DE8}") = "TEST ANDROID_DEVELOP", "TEST ANDROID_DEVELOP", "{C725AAAF-2DB6-44C0-A242-4239D7222FCC}"
EndProject
Project("{9A19103F-16F7-4668-BE54-9A1E7A4F7556}") = "Weather Android", "TEST BUILDS\Weather Android\Weather Android.csproj", "{18277953-8DE6-461E-9C50-6562DE07BF2F}"
EndProject
Project("{9A19103F-16F7-4668-BE54-9A1E7A4F7556}") = "Weather Android.Android", "TEST BUILDS\Weather Android.Android\Weather Android.Android.csproj", "{834127F3-9D49-460F-9B28-DEF2E1DFE978}"
EndProject
Project("{9A19103F-16F7-4668-BE54-9A1E7A4F7556}") = "Weather Android.Desktop", "TEST BUILDS\Weather Android.Desktop\Weather Android.Desktop.csproj", "{5CC2013A-AD19-4DB6-B430-9455AE270554}"
EndProject
Global
	GlobalSection(SolutionConfigurationPlatforms) = preSolution
		Debug|Any CPU = Debug|Any CPU
		Release|Any CPU = Release|Any CPU
	EndGlobalSection
	GlobalSection(ProjectConfigurationPlatforms) = postSolution
		{E34279EB-CBE5-441C-AA1C-643FC84F8BCD}.Debug|Any CPU.ActiveCfg = Debug|Any CPU
		{E34279EB-CBE5-441C-AA1C-643FC84F8BCD}.Debug|Any CPU.Build.0 = Debug|Any CPU
		{E34279EB-CBE5-441C-AA1C-643FC84F8BCD}.Release|Any CPU.ActiveCfg = Release|Any CPU
		{E34279EB-CBE5-441C-AA1C-643FC84F8BCD}.Release|Any CPU.Build.0 = Release|Any CPU
		{282A2272-7883-47CE-A0C8-26213C5AD671}.Debug|Any CPU.ActiveCfg = Debug|Any CPU
		{282A2272-7883-47CE-A0C8-26213C5AD671}.Debug|Any CPU.Build.0 = Debug|Any CPU
		{282A2272-7883-47CE-A0C8-26213C5AD671}.Release|Any CPU.ActiveCfg = Release|Any CPU
		{282A2272-7883-47CE-A0C8-26213C5AD671}.Release|Any CPU.Build.0 = Release|Any CPU
		{95549126-3CE7-41C2-84C4-269398A22967}.Debug|Any CPU.ActiveCfg = Debug|Any CPU
		{95549126-3CE7-41C2-84C4-269398A22967}.Debug|Any CPU.Build.0 = Debug|Any CPU
		{95549126-3CE7-41C2-84C4-269398A22967}.Release|Any CPU.ActiveCfg = Release|Any CPU
		{95549126-3CE7-41C2-84C4-269398A22967}.Release|Any CPU.Build.0 = Release|Any CPU
		{9130B1A3-520C-4CF4-86D0-F4D1956581AA}.Debug|Any CPU.ActiveCfg = Debug|Any CPU
		{9130B1A3-520C-4CF4-86D0-F4D1956581AA}.Debug|Any CPU.Build.0 = Debug|Any CPU
		{9130B1A3-520C-4CF4-86D0-F4D1956581AA}.Release|Any CPU.ActiveCfg = Release|Any CPU
		{9130B1A3-520C-4CF4-86D0-F4D1956581AA}.Release|Any CPU.Build.0 = Release|Any CPU
		{F7B830EB-439D-4A71-861D-BC5B4796790F}.Debug|Any CPU.ActiveCfg = Debug|Any CPU
		{F7B830EB-439D-4A71-861D-BC5B4796790F}.Debug|Any CPU.Build.0 = Debug|Any CPU
		{F7B830EB-439D-4A71-861D-BC5B4796790F}.Release|Any CPU.ActiveCfg = Release|Any CPU
		{F7B830EB-439D-4A71-861D-BC5B4796790F}.Release|Any CPU.Build.0 = Release|Any CPU
		{DADABDC8-0F38-46EB-A791-1634FC810700}.Debug|Any CPU.ActiveCfg = Debug|Any CPU
		{DADABDC8-0F38-46EB-A791-1634FC810700}.Debug|Any CPU.Build.0 = Debug|Any CPU
		{DADABDC8-0F38-46EB-A791-1634FC810700}.Release|Any CPU.ActiveCfg = Release|Any CPU
		{DADABDC8-0F38-46EB-A791-1634FC810700}.Release|Any CPU.Build.0 = Release|Any CPU
		{97F108D8-81E4-4278-86DA-173D0E6487CB}.Debug|Any CPU.ActiveCfg = Debug|Any CPU
		{97F108D8-81E4-4278-86DA-173D0E6487CB}.Debug|Any CPU.Build.0 = Debug|Any CPU
		{97F108D8-81E4-4278-86DA-173D0E6487CB}.Release|Any CPU.ActiveCfg = Release|Any CPU
		{97F108D8-81E4-4278-86DA-173D0E6487CB}.Release|Any CPU.Build.0 = Release|Any CPU
		{6CB54F5D-137D-4329-A543-B6B10F63FA13}.Debug|Any CPU.ActiveCfg = Debug|Any CPU
		{6CB54F5D-137D-4329-A543-B6B10F63FA13}.Debug|Any CPU.Build.0 = Debug|Any CPU
		{6CB54F5D-137D-4329-A543-B6B10F63FA13}.Release|Any CPU.ActiveCfg = Release|Any CPU
		{6CB54F5D-137D-4329-A543-B6B10F63FA13}.Release|Any CPU.Build.0 = Release|Any CPU
		{F43DF831-0AB6-41EB-9FAF-8887E6E22C6D}.Debug|Any CPU.ActiveCfg = Debug|Any CPU
		{F43DF831-0AB6-41EB-9FAF-8887E6E22C6D}.Debug|Any CPU.Build.0 = Debug|Any CPU
		{F43DF831-0AB6-41EB-9FAF-8887E6E22C6D}.Release|Any CPU.ActiveCfg = Release|Any CPU
		{F43DF831-0AB6-41EB-9FAF-8887E6E22C6D}.Release|Any CPU.Build.0 = Release|Any CPU
		{17903CE8-F0AA-4EBE-9AB0-A32136416120}.Debug|Any CPU.ActiveCfg = Debug|Any CPU
		{17903CE8-F0AA-4EBE-9AB0-A32136416120}.Debug|Any CPU.Build.0 = Debug|Any CPU
		{17903CE8-F0AA-4EBE-9AB0-A32136416120}.Release|Any CPU.ActiveCfg = Release|Any CPU
		{17903CE8-F0AA-4EBE-9AB0-A32136416120}.Release|Any CPU.Build.0 = Release|Any CPU
		{C54E084F-24A8-4621-BC00-C1D1397A0B72}.Debug|Any CPU.ActiveCfg = Debug|Any CPU
		{C54E084F-24A8-4621-BC00-C1D1397A0B72}.Debug|Any CPU.Build.0 = Debug|Any CPU
		{C54E084F-24A8-4621-BC00-C1D1397A0B72}.Release|Any CPU.ActiveCfg = Release|Any CPU
		{C54E084F-24A8-4621-BC00-C1D1397A0B72}.Release|Any CPU.Build.0 = Release|Any CPU
		{B5CB36DD-8476-4BB4-A4B4-A00A97328699}.Debug|Any CPU.ActiveCfg = Debug|Any CPU
		{B5CB36DD-8476-4BB4-A4B4-A00A97328699}.Debug|Any CPU.Build.0 = Debug|Any CPU
		{B5CB36DD-8476-4BB4-A4B4-A00A97328699}.Release|Any CPU.ActiveCfg = Release|Any CPU
		{B5CB36DD-8476-4BB4-A4B4-A00A97328699}.Release|Any CPU.Build.0 = Release|Any CPU
		{D228F69A-9AED-47FB-A060-A8F1B9243E54}.Debug|Any CPU.ActiveCfg = Debug|Any CPU
		{D228F69A-9AED-47FB-A060-A8F1B9243E54}.Debug|Any CPU.Build.0 = Debug|Any CPU
		{D228F69A-9AED-47FB-A060-A8F1B9243E54}.Release|Any CPU.ActiveCfg = Release|Any CPU
		{D228F69A-9AED-47FB-A060-A8F1B9243E54}.Release|Any CPU.Build.0 = Release|Any CPU
		{54C662AA-BC66-48B2-9739-E02EBA685810}.Debug|Any CPU.ActiveCfg = Debug|Any CPU
		{54C662AA-BC66-48B2-9739-E02EBA685810}.Debug|Any CPU.Build.0 = Debug|Any CPU
		{54C662AA-BC66-48B2-9739-E02EBA685810}.Release|Any CPU.ActiveCfg = Release|Any CPU
		{54C662AA-BC66-48B2-9739-E02EBA685810}.Release|Any CPU.Build.0 = Release|Any CPU
		{BBA754B5-8549-4E24-BBF9-5F3EDC49C0B9}.Debug|Any CPU.ActiveCfg = Debug|Any CPU
		{BBA754B5-8549-4E24-BBF9-5F3EDC49C0B9}.Debug|Any CPU.Build.0 = Debug|Any CPU
		{BBA754B5-8549-4E24-BBF9-5F3EDC49C0B9}.Release|Any CPU.ActiveCfg = Release|Any CPU
		{BBA754B5-8549-4E24-BBF9-5F3EDC49C0B9}.Release|Any CPU.Build.0 = Release|Any CPU
		{D89C1569-CC98-4DF9-8686-6929B41C533B}.Debug|Any CPU.ActiveCfg = Debug|Any CPU
		{D89C1569-CC98-4DF9-8686-6929B41C533B}.Debug|Any CPU.Build.0 = Debug|Any CPU
		{D89C1569-CC98-4DF9-8686-6929B41C533B}.Release|Any CPU.ActiveCfg = Release|Any CPU
		{D89C1569-CC98-4DF9-8686-6929B41C533B}.Release|Any CPU.Build.0 = Release|Any CPU
		{18277953-8DE6-461E-9C50-6562DE07BF2F}.Debug|Any CPU.ActiveCfg = Debug|Any CPU
		{18277953-8DE6-461E-9C50-6562DE07BF2F}.Debug|Any CPU.Build.0 = Debug|Any CPU
		{18277953-8DE6-461E-9C50-6562DE07BF2F}.Release|Any CPU.ActiveCfg = Release|Any CPU
		{18277953-8DE6-461E-9C50-6562DE07BF2F}.Release|Any CPU.Build.0 = Release|Any CPU
		{834127F3-9D49-460F-9B28-DEF2E1DFE978}.Debug|Any CPU.ActiveCfg = Debug|Any CPU
		{834127F3-9D49-460F-9B28-DEF2E1DFE978}.Debug|Any CPU.Build.0 = Debug|Any CPU
		{834127F3-9D49-460F-9B28-DEF2E1DFE978}.Debug|Any CPU.Deploy.0 = Debug|Any CPU
		{834127F3-9D49-460F-9B28-DEF2E1DFE978}.Release|Any CPU.ActiveCfg = Release|Any CPU
		{834127F3-9D49-460F-9B28-DEF2E1DFE978}.Release|Any CPU.Build.0 = Release|Any CPU
		{834127F3-9D49-460F-9B28-DEF2E1DFE978}.Release|Any CPU.Deploy.0 = Release|Any CPU
		{5CC2013A-AD19-4DB6-B430-9455AE270554}.Debug|Any CPU.ActiveCfg = Debug|Any CPU
		{5CC2013A-AD19-4DB6-B430-9455AE270554}.Debug|Any CPU.Build.0 = Debug|Any CPU
		{5CC2013A-AD19-4DB6-B430-9455AE270554}.Release|Any CPU.ActiveCfg = Release|Any CPU
		{5CC2013A-AD19-4DB6-B430-9455AE270554}.Release|Any CPU.Build.0 = Release|Any CPU
	EndGlobalSection
	GlobalSection(SolutionProperties) = preSolution
		HideSolutionNode = FALSE
	EndGlobalSection
	GlobalSection(NestedProjects) = preSolution
		{282A2272-7883-47CE-A0C8-26213C5AD671} = {D85AE54E-90A8-4627-938D-2657163D4ECC}
		{95549126-3CE7-41C2-84C4-269398A22967} = {D85AE54E-90A8-4627-938D-2657163D4ECC}
		{9130B1A3-520C-4CF4-86D0-F4D1956581AA} = {C0C16AD9-7A0A-4F3F-9491-2FDF956BC98B}
		{F7B830EB-439D-4A71-861D-BC5B4796790F} = {C0C16AD9-7A0A-4F3F-9491-2FDF956BC98B}
		{DADABDC8-0F38-46EB-A791-1634FC810700} = {DF3ED66C-BDEF-4736-A871-352339B5743B}
		{97F108D8-81E4-4278-86DA-173D0E6487CB} = {DF3ED66C-BDEF-4736-A871-352339B5743B}
		{6CB54F5D-137D-4329-A543-B6B10F63FA13} = {992E32C6-ADD7-4F4F-9096-06AF2833B61D}
		{F43DF831-0AB6-41EB-9FAF-8887E6E22C6D} = {992E32C6-ADD7-4F4F-9096-06AF2833B61D}
		{17903CE8-F0AA-4EBE-9AB0-A32136416120} = {268B9B4A-C392-4B01-BBE0-74320C04AB4A}
		{C54E084F-24A8-4621-BC00-C1D1397A0B72} = {268B9B4A-C392-4B01-BBE0-74320C04AB4A}
		{B5CB36DD-8476-4BB4-A4B4-A00A97328699} = {6084F4D6-4C35-4D75-A4EF-238BA8EA2E32}
		{D228F69A-9AED-47FB-A060-A8F1B9243E54} = {2A00553D-4C0F-4337-9CFD-6F5E45F0DC8C}
		{54C662AA-BC66-48B2-9739-E02EBA685810} = {FFA642DB-7571-48E6-BEE2-84D1EC3BCF6B}
		{BBA754B5-8549-4E24-BBF9-5F3EDC49C0B9} = {193D6567-F84F-438B-B166-291D0FA87C8B}
		{D89C1569-CC98-4DF9-8686-6929B41C533B} = {FFA642DB-7571-48E6-BEE2-84D1EC3BCF6B}
		{18277953-8DE6-461E-9C50-6562DE07BF2F} = {C725AAAF-2DB6-44C0-A242-4239D7222FCC}
		{834127F3-9D49-460F-9B28-DEF2E1DFE978} = {C725AAAF-2DB6-44C0-A242-4239D7222FCC}
		{5CC2013A-AD19-4DB6-B430-9455AE270554} = {C725AAAF-2DB6-44C0-A242-4239D7222FCC}
	EndGlobalSection
	GlobalSection(ExtensibilityGlobals) = postSolution
		SolutionGuid = {9EBD6783-4AA3-46D5-B9F5-BAE17F7E5223}
	EndGlobalSection
EndGlobal
