
Microsoft Visual Studio Solution File, Format Version 12.00
# Visual Studio Version 17
VisualStudioVersion = 17.8.34525.116
MinimumVisualStudioVersion = 10.0.40219.1
Project("{9A19103F-16F7-4668-BE54-9A1E7A4F7556}") = "lab 1", "lab 1\lab 1.csproj", "{E34279EB-CBE5-441C-AA1C-643FC84F8BCD}"
EndProject
Project("{9A19103F-16F7-4668-BE54-9A1E7A4F7556}") = "lab 2", "lab 2\lab 2.csproj", "{282A2272-7883-47CE-A0C8-26213C5AD671}"
EndProject
Project("{9A19103F-16F7-4668-BE54-9A1E7A4F7556}") = "lab 2.Desktop", "lab 2.Desktop\lab 2.Desktop.csproj", "{95549126-3CE7-41C2-84C4-269398A22967}"
EndProject
Project("{2150E333-8FDC-42A3-9474-1A3956D46DE8}") = "Lab2", "Lab2", "{D85AE54E-90A8-4627-938D-2657163D4ECC}"
EndProject
Project("{2150E333-8FDC-42A3-9474-1A3956D46DE8}") = "Lab3", "Lab3", "{7D457E3A-C478-4E95-A4BF-06EE1411C8E4}"
EndProject
Project("{9A19103F-16F7-4668-BE54-9A1E7A4F7556}") = "Lab3", "Lab3\Lab3.csproj", "{949126BC-02C7-4606-BF2A-9E205C369DAA}"
EndProject
Project("{9A19103F-16F7-4668-BE54-9A1E7A4F7556}") = "Lab3.Desktop", "Lab3.Desktop\Lab3.Desktop.csproj", "{C6D4074A-088C-463A-9665-3ACC4310D1A9}"
EndProject
Global
	GlobalSection(SolutionConfigurationPlatforms) = preSolution
		Debug|Any CPU = Debug|Any CPU
		Release|Any CPU = Release|Any CPU
	EndGlobalSection
	GlobalSection(ProjectConfigurationPlatforms) = postSolution
		{E34279EB-CBE5-441C-AA1C-643FC84F8BCD}.Debug|Any CPU.ActiveCfg = Debug|Any CPU
		{E34279EB-CBE5-441C-AA1C-643FC84F8BCD}.Debug|Any CPU.Build.0 = Debug|Any CPU
		{E34279EB-CBE5-441C-AA1C-643FC84F8BCD}.Release|Any CPU.ActiveCfg = Release|Any CPU
		{E34279EB-CBE5-441C-AA1C-643FC84F8BCD}.Release|Any CPU.Build.0 = Release|Any CPU
		{282A2272-7883-47CE-A0C8-26213C5AD671}.Debug|Any CPU.ActiveCfg = Debug|Any CPU
		{282A2272-7883-47CE-A0C8-26213C5AD671}.Debug|Any CPU.Build.0 = Debug|Any CPU
		{282A2272-7883-47CE-A0C8-26213C5AD671}.Release|Any CPU.ActiveCfg = Release|Any CPU
		{282A2272-7883-47CE-A0C8-26213C5AD671}.Release|Any CPU.Build.0 = Release|Any CPU
		{95549126-3CE7-41C2-84C4-269398A22967}.Debug|Any CPU.ActiveCfg = Debug|Any CPU
		{95549126-3CE7-41C2-84C4-269398A22967}.Debug|Any CPU.Build.0 = Debug|Any CPU
		{95549126-3CE7-41C2-84C4-269398A22967}.Release|Any CPU.ActiveCfg = Release|Any CPU
		{95549126-3CE7-41C2-84C4-269398A22967}.Release|Any CPU.Build.0 = Release|Any CPU
		{949126BC-02C7-4606-BF2A-9E205C369DAA}.Debug|Any CPU.ActiveCfg = Debug|Any CPU
		{949126BC-02C7-4606-BF2A-9E205C369DAA}.Debug|Any CPU.Build.0 = Debug|Any CPU
		{949126BC-02C7-4606-BF2A-9E205C369DAA}.Release|Any CPU.ActiveCfg = Release|Any CPU
		{949126BC-02C7-4606-BF2A-9E205C369DAA}.Release|Any CPU.Build.0 = Release|Any CPU
		{C6D4074A-088C-463A-9665-3ACC4310D1A9}.Debug|Any CPU.ActiveCfg = Debug|Any CPU
		{C6D4074A-088C-463A-9665-3ACC4310D1A9}.Debug|Any CPU.Build.0 = Debug|Any CPU
		{C6D4074A-088C-463A-9665-3ACC4310D1A9}.Release|Any CPU.ActiveCfg = Release|Any CPU
		{C6D4074A-088C-463A-9665-3ACC4310D1A9}.Release|Any CPU.Build.0 = Release|Any CPU
	EndGlobalSection
	GlobalSection(SolutionProperties) = preSolution
		HideSolutionNode = FALSE
	EndGlobalSection
	GlobalSection(NestedProjects) = preSolution
		{282A2272-7883-47CE-A0C8-26213C5AD671} = {D85AE54E-90A8-4627-938D-2657163D4ECC}
		{95549126-3CE7-41C2-84C4-269398A22967} = {D85AE54E-90A8-4627-938D-2657163D4ECC}
		{949126BC-02C7-4606-BF2A-9E205C369DAA} = {7D457E3A-C478-4E95-A4BF-06EE1411C8E4}
		{C6D4074A-088C-463A-9665-3ACC4310D1A9} = {7D457E3A-C478-4E95-A4BF-06EE1411C8E4}
	EndGlobalSection
	GlobalSection(ExtensibilityGlobals) = postSolution
		SolutionGuid = {9EBD6783-4AA3-46D5-B9F5-BAE17F7E5223}
	EndGlobalSection
EndGlobal
